// !$*UTF8*$!
{
	archiveVersion = 1;
	classes = {
	};
	objectVersion = 56;
	objects = {

/* Begin PBXBuildFile section */
		84800AA2292A619600E380D0 /* AppDelegate.swift in Sources */ = {isa = PBXBuildFile; fileRef = 84800AA1292A619600E380D0 /* AppDelegate.swift */; };
		84800AA4292A619600E380D0 /* SceneDelegate.swift in Sources */ = {isa = PBXBuildFile; fileRef = 84800AA3292A619600E380D0 /* SceneDelegate.swift */; };
		84800AA9292A619600E380D0 /* Main.storyboard in Resources */ = {isa = PBXBuildFile; fileRef = 84800AA7292A619600E380D0 /* Main.storyboard */; };
		84800AAB292A61A100E380D0 /* Assets.xcassets in Resources */ = {isa = PBXBuildFile; fileRef = 84800AAA292A61A100E380D0 /* Assets.xcassets */; };
		84800AAE292A61A100E380D0 /* LaunchScreen.storyboard in Resources */ = {isa = PBXBuildFile; fileRef = 84800AAC292A61A100E380D0 /* LaunchScreen.storyboard */; };
		84800ABA292A67B500E380D0 /* ContainerController.swift in Sources */ = {isa = PBXBuildFile; fileRef = 84800AB9292A67B500E380D0 /* ContainerController.swift */; };
		84800ABC292A67DC00E380D0 /* HomeController.swift in Sources */ = {isa = PBXBuildFile; fileRef = 84800ABB292A67DC00E380D0 /* HomeController.swift */; };
		84800ABE292A67FB00E380D0 /* MenuController.swift in Sources */ = {isa = PBXBuildFile; fileRef = 84800ABD292A67FB00E380D0 /* MenuController.swift */; };
/* End PBXBuildFile section */

/* Begin PBXFileReference section */
		84800A9E292A619600E380D0 /* Side Menu Bar Prog.app */ = {isa = PBXFileReference; explicitFileType = wrapper.application; includeInIndex = 0; path = "Side Menu Bar Prog.app"; sourceTree = BUILT_PRODUCTS_DIR; };
		84800AA1292A619600E380D0 /* AppDelegate.swift */ = {isa = PBXFileReference; lastKnownFileType = sourcecode.swift; path = AppDelegate.swift; sourceTree = "<group>"; };
		84800AA3292A619600E380D0 /* SceneDelegate.swift */ = {isa = PBXFileReference; lastKnownFileType = sourcecode.swift; path = SceneDelegate.swift; sourceTree = "<group>"; };
		84800AA8292A619600E380D0 /* Base */ = {isa = PBXFileReference; lastKnownFileType = file.storyboard; name = Base; path = Base.lproj/Main.storyboard; sourceTree = "<group>"; };
		84800AAA292A61A100E380D0 /* Assets.xcassets */ = {isa = PBXFileReference; lastKnownFileType = folder.assetcatalog; path = Assets.xcassets; sourceTree = "<group>"; };
		84800AAD292A61A100E380D0 /* Base */ = {isa = PBXFileReference; lastKnownFileType = file.storyboard; name = Base; path = Base.lproj/LaunchScreen.storyboard; sourceTree = "<group>"; };
		84800AAF292A61A100E380D0 /* Info.plist */ = {isa = PBXFileReference; lastKnownFileType = text.plist.xml; path = Info.plist; sourceTree = "<group>"; };
		84800AB9292A67B500E380D0 /* ContainerController.swift */ = {isa = PBXFileReference; lastKnownFileType = sourcecode.swift; path = ContainerController.swift; sourceTree = "<group>"; };
		84800ABB292A67DC00E380D0 /* HomeController.swift */ = {isa = PBXFileReference; lastKnownFileType = sourcecode.swift; path = HomeController.swift; sourceTree = "<group>"; };
		84800ABD292A67FB00E380D0 /* MenuController.swift */ = {isa = PBXFileReference; lastKnownFileType = sourcecode.swift; path = MenuController.swift; sourceTree = "<group>"; };
/* End PBXFileReference section */

/* Begin PBXFrameworksBuildPhase section */
		84800A9B292A619600E380D0 /* Frameworks */ = {
			isa = PBXFrameworksBuildPhase;
			buildActionMask = 2147483647;
			files = (
			);
			runOnlyForDeploymentPostprocessing = 0;
		};
/* End PBXFrameworksBuildPhase section */

/* Begin PBXGroup section */
		84800A95292A619600E380D0 = {
			isa = PBXGroup;
			children = (
				84800AA0292A619600E380D0 /* Side Menu Bar Prog */,
				84800A9F292A619600E380D0 /* Products */,
			);
			sourceTree = "<group>";
		};
		84800A9F292A619600E380D0 /* Products */ = {
			isa = PBXGroup;
			children = (
				84800A9E292A619600E380D0 /* Side Menu Bar Prog.app */,
			);
			name = Products;
			sourceTree = "<group>";
		};
		84800AA0292A619600E380D0 /* Side Menu Bar Prog */ = {
			isa = PBXGroup;
			children = (
				84800AB5292A671900E380D0 /* Utility */,
				84800AB6292A673300E380D0 /* Model */,
				84800AB7292A674B00E380D0 /* view */,
				84800AB8292A675D00E380D0 /* controller */,
				84800AA1292A619600E380D0 /* AppDelegate.swift */,
				84800AA3292A619600E380D0 /* SceneDelegate.swift */,
				84800AA7292A619600E380D0 /* Main.storyboard */,
				84800AAA292A61A100E380D0 /* Assets.xcassets */,
				84800AAC292A61A100E380D0 /* LaunchScreen.storyboard */,
				84800AAF292A61A100E380D0 /* Info.plist */,
			);
			path = "Side Menu Bar Prog";
			sourceTree = "<group>";
		};
		84800AB5292A671900E380D0 /* Utility */ = {
			isa = PBXGroup;
			children = (
			);
			path = Utility;
			sourceTree = "<group>";
		};
		84800AB6292A673300E380D0 /* Model */ = {
			isa = PBXGroup;
			children = (
			);
			path = Model;
			sourceTree = "<group>";
		};
		84800AB7292A674B00E380D0 /* view */ = {
			isa = PBXGroup;
			children = (
			);
			path = view;
			sourceTree = "<group>";
		};
		84800AB8292A675D00E380D0 /* controller */ = {
			isa = PBXGroup;
			children = (
				84800AB9292A67B500E380D0 /* ContainerController.swift */,
				84800ABB292A67DC00E380D0 /* HomeController.swift */,
				84800ABD292A67FB00E380D0 /* MenuController.swift */,
			);
			path = controller;
			sourceTree = "<group>";
		};
/* End PBXGroup section */

/* Begin PBXNativeTarget section */
		84800A9D292A619600E380D0 /* Side Menu Bar Prog */ = {
			isa = PBXNativeTarget;
			buildConfigurationList = 84800AB2292A61A100E380D0 /* Build configuration list for PBXNativeTarget "Side Menu Bar Prog" */;
			buildPhases = (
				84800A9A292A619600E380D0 /* Sources */,
				84800A9B292A619600E380D0 /* Frameworks */,
				84800A9C292A619600E380D0 /* Resources */,
			);
			buildRules = (
			);
			dependencies = (
			);
			name = "Side Menu Bar Prog";
			productName = "Side Menu Bar Prog";
			productReference = 84800A9E292A619600E380D0 /* Side Menu Bar Prog.app */;
			productType = "com.apple.product-type.application";
		};
/* End PBXNativeTarget section */

/* Begin PBXProject section */
		84800A96292A619600E380D0 /* Project object */ = {
			isa = PBXProject;
			attributes = {
				BuildIndependentTargetsInParallel = 1;
				LastSwiftUpdateCheck = 1400;
				LastUpgradeCheck = 1400;
				TargetAttributes = {
					84800A9D292A619600E380D0 = {
						CreatedOnToolsVersion = 14.0.1;
					};
				};
			};
			buildConfigurationList = 84800A99292A619600E380D0 /* Build configuration list for PBXProject "Side Menu Bar Prog" */;
			compatibilityVersion = "Xcode 14.0";
			developmentRegion = en;
			hasScannedForEncodings = 0;
			knownRegions = (
				en,
				Base,
			);
			mainGroup = 84800A95292A619600E380D0;
			productRefGroup = 84800A9F292A619600E380D0 /* Products */;
			projectDirPath = "";
			projectRoot = "";
			targets = (
				84800A9D292A619600E380D0 /* Side Menu Bar Prog */,
			);
		};
/* End PBXProject section */

/* Begin PBXResourcesBuildPhase section */
		84800A9C292A619600E380D0 /* Resources */ = {
			isa = PBXResourcesBuildPhase;
			buildActionMask = 2147483647;
			files = (
				84800AAE292A61A100E380D0 /* LaunchScreen.storyboard in Resources */,
				84800AAB292A61A100E380D0 /* Assets.xcassets in Resources */,
				84800AA9292A619600E380D0 /* Main.storyboard in Resources */,
			);
			runOnlyForDeploymentPostprocessing = 0;
		};
/* End PBXResourcesBuildPhase section */

/* Begin PBXSourcesBuildPhase section */
		84800A9A292A619600E380D0 /* Sources */ = {
			isa = PBXSourcesBuildPhase;
			buildActionMask = 2147483647;
			files = (
				84800AA2292A619600E380D0 /* AppDelegate.swift in Sources */,
				84800AA4292A619600E380D0 /* SceneDelegate.swift in Sources */,
				84800ABA292A67B500E380D0 /* ContainerController.swift in Sources */,
				84800ABE292A67FB00E380D0 /* MenuController.swift in Sources */,
				84800ABC292A67DC00E380D0 /* HomeController.swift in Sources */,
			);
			runOnlyForDeploymentPostprocessing = 0;
		};
/* End PBXSourcesBuildPhase section */

/* Begin PBXVariantGroup section */
		84800AA7292A619600E380D0 /* Main.storyboard */ = {
			isa = PBXVariantGroup;
			children = (
				84800AA8292A619600E380D0 /* Base */,
			);
			name = Main.storyboard;
			sourceTree = "<group>";
		};
		84800AAC292A61A100E380D0 /* LaunchScreen.storyboard */ = {
			isa = PBXVariantGroup;
			children = (
				84800AAD292A61A100E380D0 /* Base */,
			);
			name = LaunchScreen.storyboard;
			sourceTree = "<group>";
		};
/* End PBXVariantGroup section */

/* Begin XCBuildConfiguration section */
		84800AB0292A61A100E380D0 /* Debug */ = {
			isa = XCBuildConfiguration;
			buildSettings = {
				ALWAYS_SEARCH_USER_PATHS = NO;
				CLANG_ANALYZER_NONNULL = YES;
				CLANG_ANALYZER_NUMBER_OBJECT_CONVERSION = YES_AGGRESSIVE;
				CLANG_CXX_LANGUAGE_STANDARD = "gnu++20";
				CLANG_ENABLE_MODULES = YES;
				CLANG_ENABLE_OBJC_ARC = YES;
				CLANG_ENABLE_OBJC_WEAK = YES;
				CLANG_WARN_BLOCK_CAPTURE_AUTORELEASING = YES;
				CLANG_WARN_BOOL_CONVERSION = YES;
				CLANG_WARN_COMMA = YES;
				CLANG_WARN_CONSTANT_CONVERSION = YES;
				CLANG_WARN_DEPRECATED_OBJC_IMPLEMENTATIONS = YES;
				CLANG_WARN_DIRECT_OBJC_ISA_USAGE = YES_ERROR;
				CLANG_WARN_DOCUMENTATION_COMMENTS = YES;
				CLANG_WARN_EMPTY_BODY = YES;
				CLANG_WARN_ENUM_CONVERSION = YES;
				CLANG_WARN_INFINITE_RECURSION = YES;
				CLANG_WARN_INT_CONVERSION = YES;
				CLANG_WARN_NON_LITERAL_NULL_CONVERSION = YES;
				CLANG_WARN_OBJC_IMPLICIT_RETAIN_SELF = YES;
				CLANG_WARN_OBJC_LITERAL_CONVERSION = YES;
				CLANG_WARN_OBJC_ROOT_CLASS = YES_ERROR;
				CLANG_WARN_QUOTED_INCLUDE_IN_FRAMEWORK_HEADER = YES;
				CLANG_WARN_RANGE_LOOP_ANALYSIS = YES;
				CLANG_WARN_STRICT_PROTOTYPES = YES;
				CLANG_WARN_SUSPICIOUS_MOVE = YES;
				CLANG_WARN_UNGUARDED_AVAILABILITY = YES_AGGRESSIVE;
				CLANG_WARN_UNREACHABLE_CODE = YES;
				CLANG_WARN__DUPLICATE_METHOD_MATCH = YES;
				COPY_PHASE_STRIP = NO;
				DEBUG_INFORMATION_FORMAT = dwarf;
				ENABLE_STRICT_OBJC_MSGSEND = YES;
				ENABLE_TESTABILITY = YES;
				GCC_C_LANGUAGE_STANDARD = gnu11;
				GCC_DYNAMIC_NO_PIC = NO;
				GCC_NO_COMMON_BLOCKS = YES;
				GCC_OPTIMIZATION_LEVEL = 0;
				GCC_PREPROCESSOR_DEFINITIONS = (
					"DEBUG=1",
					"$(inherited)",
				);
				GCC_WARN_64_TO_32_BIT_CONVERSION = YES;
				GCC_WARN_ABOUT_RETURN_TYPE = YES_ERROR;
				GCC_WARN_UNDECLARED_SELECTOR = YES;
				GCC_WARN_UNINITIALIZED_AUTOS = YES_AGGRESSIVE;
				GCC_WARN_UNUSED_FUNCTION = YES;
				GCC_WARN_UNUSED_VARIABLE = YES;
				IPHONEOS_DEPLOYMENT_TARGET = 16.0;
				MTL_ENABLE_DEBUG_INFO = INCLUDE_SOURCE;
				MTL_FAST_MATH = YES;
				ONLY_ACTIVE_ARCH = YES;
				SDKROOT = iphoneos;
				SWIFT_ACTIVE_COMPILATION_CONDITIONS = DEBUG;
				SWIFT_OPTIMIZATION_LEVEL = "-Onone";
			};
			name = Debug;
		};
		84800AB1292A61A100E380D0 /* Release */ = {
			isa = XCBuildConfiguration;
			buildSettings = {
				ALWAYS_SEARCH_USER_PATHS = NO;
				CLANG_ANALYZER_NONNULL = YES;
				CLANG_ANALYZER_NUMBER_OBJECT_CONVERSION = YES_AGGRESSIVE;
				CLANG_CXX_LANGUAGE_STANDARD = "gnu++20";
				CLANG_ENABLE_MODULES = YES;
				CLANG_ENABLE_OBJC_ARC = YES;
				CLANG_ENABLE_OBJC_WEAK = YES;
				CLANG_WARN_BLOCK_CAPTURE_AUTORELEASING = YES;
				CLANG_WARN_BOOL_CONVERSION = YES;
				CLANG_WARN_COMMA = YES;
				CLANG_WARN_CONSTANT_CONVERSION = YES;
				CLANG_WARN_DEPRECATED_OBJC_IMPLEMENTATIONS = YES;
				CLANG_WARN_DIRECT_OBJC_ISA_USAGE = YES_ERROR;
				CLANG_WARN_DOCUMENTATION_COMMENTS = YES;
				CLANG_WARN_EMPTY_BODY = YES;
				CLANG_WARN_ENUM_CONVERSION = YES;
				CLANG_WARN_INFINITE_RECURSION = YES;
				CLANG_WARN_INT_CONVERSION = YES;
				CLANG_WARN_NON_LITERAL_NULL_CONVERSION = YES;
				CLANG_WARN_OBJC_IMPLICIT_RETAIN_SELF = YES;
				CLANG_WARN_OBJC_LITERAL_CONVERSION = YES;
				CLANG_WARN_OBJC_ROOT_CLASS = YES_ERROR;
				CLANG_WARN_QUOTED_INCLUDE_IN_FRAMEWORK_HEADER = YES;
				CLANG_WARN_RANGE_LOOP_ANALYSIS = YES;
				CLANG_WARN_STRICT_PROTOTYPES = YES;
				CLANG_WARN_SUSPICIOUS_MOVE = YES;
				CLANG_WARN_UNGUARDED_AVAILABILITY = YES_AGGRESSIVE;
				CLANG_WARN_UNREACHABLE_CODE = YES;
				CLANG_WARN__DUPLICATE_METHOD_MATCH = YES;
				COPY_PHASE_STRIP = NO;
				DEBUG_INFORMATION_FORMAT = "dwarf-with-dsym";
				ENABLE_NS_ASSERTIONS = NO;
				ENABLE_STRICT_OBJC_MSGSEND = YES;
				GCC_C_LANGUAGE_STANDARD = gnu11;
				GCC_NO_COMMON_BLOCKS = YES;
				GCC_WARN_64_TO_32_BIT_CONVERSION = YES;
				GCC_WARN_ABOUT_RETURN_TYPE = YES_ERROR;
				GCC_WARN_UNDECLARED_SELECTOR = YES;
				GCC_WARN_UNINITIALIZED_AUTOS = YES_AGGRESSIVE;
				GCC_WARN_UNUSED_FUNCTION = YES;
				GCC_WARN_UNUSED_VARIABLE = YES;
				IPHONEOS_DEPLOYMENT_TARGET = 16.0;
				MTL_ENABLE_DEBUG_INFO = NO;
				MTL_FAST_MATH = YES;
				SDKROOT = iphoneos;
				SWIFT_COMPILATION_MODE = wholemodule;
				SWIFT_OPTIMIZATION_LEVEL = "-O";
				VALIDATE_PRODUCT = YES;
			};
			name = Release;
		};
		84800AB3292A61A100E380D0 /* Debug */ = {
			isa = XCBuildConfiguration;
			buildSettings = {
				ASSETCATALOG_COMPILER_APPICON_NAME = AppIcon;
				ASSETCATALOG_COMPILER_GLOBAL_ACCENT_COLOR_NAME = AccentColor;
				CODE_SIGN_STYLE = Automatic;
				CURRENT_PROJECT_VERSION = 1;
				GENERATE_INFOPLIST_FILE = YES;
				INFOPLIST_FILE = "Side Menu Bar Prog/Info.plist";
				INFOPLIST_KEY_UIApplicationSupportsIndirectInputEvents = YES;
				INFOPLIST_KEY_UILaunchStoryboardName = LaunchScreen;
				INFOPLIST_KEY_UIMainStoryboardFile = Main;
				INFOPLIST_KEY_UISupportedInterfaceOrientations = "UIInterfaceOrientationLandscapeLeft UIInterfaceOrientationLandscapeRight UIInterfaceOrientationPortrait UIInterfaceOrientationPortraitUpsideDown";
				LD_RUNPATH_SEARCH_PATHS = (
					"$(inherited)",
					"@executable_path/Frameworks",
				);
				MARKETING_VERSION = 1.0;
				PRODUCT_BUNDLE_IDENTIFIER = "com.bridgelabz.Side-Menu-Bar-Prog";
				PRODUCT_NAME = "$(TARGET_NAME)";
				SWIFT_EMIT_LOC_STRINGS = YES;
				SWIFT_VERSION = 5.0;
				TARGETED_DEVICE_FAMILY = "1,2";
			};
			name = Debug;
		};
		84800AB4292A61A100E380D0 /* Release */ = {
			isa = XCBuildConfiguration;
			buildSettings = {
				ASSETCATALOG_COMPILER_APPICON_NAME = AppIcon;
				ASSETCATALOG_COMPILER_GLOBAL_ACCENT_COLOR_NAME = AccentColor;
				CODE_SIGN_STYLE = Automatic;
				CURRENT_PROJECT_VERSION = 1;
				GENERATE_INFOPLIST_FILE = YES;
				INFOPLIST_FILE = "Side Menu Bar Prog/Info.plist";
				INFOPLIST_KEY_UIApplicationSupportsIndirectInputEvents = YES;
				INFOPLIST_KEY_UILaunchStoryboardName = LaunchScreen;
				INFOPLIST_KEY_UIMainStoryboardFile = Main;
				INFOPLIST_KEY_UISupportedInterfaceOrientations = "UIInterfaceOrientationLandscapeLeft UIInterfaceOrientationLandscapeRight UIInterfaceOrientationPortrait UIInterfaceOrientationPortraitUpsideDown";
				LD_RUNPATH_SEARCH_PATHS = (
					"$(inherited)",
					"@executable_path/Frameworks",
				);
				MARKETING_VERSION = 1.0;
				PRODUCT_BUNDLE_IDENTIFIER = "com.bridgelabz.Side-Menu-Bar-Prog";
				PRODUCT_NAME = "$(TARGET_NAME)";
				SWIFT_EMIT_LOC_STRINGS = YES;
				SWIFT_VERSION = 5.0;
				TARGETED_DEVICE_FAMILY = "1,2";
			};
			name = Release;
		};
/* End XCBuildConfiguration section */

/* Begin XCConfigurationList section */
		84800A99292A619600E380D0 /* Build configuration list for PBXProject "Side Menu Bar Prog" */ = {
			isa = XCConfigurationList;
			buildConfigurations = (
				84800AB0292A61A100E380D0 /* Debug */,
				84800AB1292A61A100E380D0 /* Release */,
			);
			defaultConfigurationIsVisible = 0;
			defaultConfigurationName = Release;
		};
		84800AB2292A61A100E380D0 /* Build configuration list for PBXNativeTarget "Side Menu Bar Prog" */ = {
			isa = XCConfigurationList;
			buildConfigurations = (
				84800AB3292A61A100E380D0 /* Debug */,
				84800AB4292A61A100E380D0 /* Release */,
			);
			defaultConfigurationIsVisible = 0;
			defaultConfigurationName = Release;
		};
/* End XCConfigurationList section */
	};
	rootObject = 84800A96292A619600E380D0 /* Project object */;
}
